
Microsoft Visual Studio Solution File, Format Version 12.00
# Visual Studio Version 16
VisualStudioVersion = 16.0.30804.86
MinimumVisualStudioVersion = 10.0.40219.1
Project("{FAE04EC0-301F-11D3-BF4B-00C04F79EFBC}") = "ProjetoWebMVC", "ProjetoWebMVC\ProjetoWebMVC.csproj", "{6B2F2704-07A4-4D76-8F1F-BB356E1F2052}"
EndProject
Global
	GlobalSection(SolutionConfigurationPlatforms) = preSolution
		Debug|Any CPU = Debug|Any CPU
		Release|Any CPU = Release|Any CPU
	EndGlobalSection
	GlobalSection(ProjectConfigurationPlatforms) = postSolution
		{6B2F2704-07A4-4D76-8F1F-BB356E1F2052}.Debug|Any CPU.ActiveCfg = Debug|Any CPU
		{6B2F2704-07A4-4D76-8F1F-BB356E1F2052}.Debug|Any CPU.Build.0 = Debug|Any CPU
		{6B2F2704-07A4-4D76-8F1F-BB356E1F2052}.Release|Any CPU.ActiveCfg = Release|Any CPU
		{6B2F2704-07A4-4D76-8F1F-BB356E1F2052}.Release|Any CPU.Build.0 = Release|Any CPU
	EndGlobalSection
	GlobalSection(SolutionProperties) = preSolution
		HideSolutionNode = FALSE
	EndGlobalSection
	GlobalSection(ExtensibilityGlobals) = postSolution
		SolutionGuid = {E2451250-0424-44D2-8730-8F82B43CD2B3}
	EndGlobalSection
EndGlobal
